// !$*UTF8*$!
{
	archiveVersion = 1;
	classes = {
	};
	objectVersion = 46;
	objects = {

/* Begin PBXBuildFile section */
		59CFF1E619F79E7400C16C14 /* main.swift in Sources */ = {isa = PBXBuildFile; fileRef = 59CFF1E519F79E7400C16C14 /* main.swift */; };
/* End PBXBuildFile section */

/* Begin PBXCopyFilesBuildPhase section */
		59CFF1E019F79E7400C16C14 /* CopyFiles */ = {
			isa = PBXCopyFilesBuildPhase;
			buildActionMask = 2147483647;
			dstPath = /usr/share/man/man1/;
			dstSubfolderSpec = 0;
			files = (
			);
			runOnlyForDeploymentPostprocessing = 1;
		};
/* End PBXCopyFilesBuildPhase section */

/* Begin PBXFileReference section */
		59CFF1E219F79E7400C16C14 /* 15_Initialization */ = {isa = PBXFileReference; explicitFileType = "compiled.mach-o.executable"; includeInIndex = 0; path = 15_Initialization; sourceTree = BUILT_PRODUCTS_DIR; };
		59CFF1E519F79E7400C16C14 /* main.swift */ = {isa = PBXFileReference; lastKnownFileType = sourcecode.swift; path = main.swift; sourceTree = "<group>"; };
/* End PBXFileReference section */

/* Begin PBXFrameworksBuildPhase section */
		59CFF1DF19F79E7400C16C14 /* Frameworks */ = {
			isa = PBXFrameworksBuildPhase;
			buildActionMask = 2147483647;
			files = (
			);
			runOnlyForDeploymentPostprocessing = 0;
		};
/* End PBXFrameworksBuildPhase section */

/* Begin PBXGroup section */
		59CFF1D919F79E7400C16C14 = {
			isa = PBXGroup;
			children = (
				59CFF1E419F79E7400C16C14 /* 15_Initialization */,
				59CFF1E319F79E7400C16C14 /* Products */,
			);
			sourceTree = "<group>";
		};
		59CFF1E319F79E7400C16C14 /* Products */ = {
			isa = PBXGroup;
			children = (
				59CFF1E219F79E7400C16C14 /* 15_Initialization */,
			);
			name = Products;
			sourceTree = "<group>";
		};
		59CFF1E419F79E7400C16C14 /* 15_Initialization */ = {
			isa = PBXGroup;
			children = (
				59CFF1E519F79E7400C16C14 /* main.swift */,
			);
			path = 15_Initialization;
			sourceTree = "<group>";
		};
/* End PBXGroup section */

/* Begin PBXNativeTarget section */
		59CFF1E119F79E7400C16C14 /* 15_Initialization */ = {
			isa = PBXNativeTarget;
			buildConfigurationList = 59CFF1E919F79E7400C16C14 /* Build configuration list for PBXNativeTarget "15_Initialization" */;
			buildPhases = (
				59CFF1DE19F79E7400C16C14 /* Sources */,
				59CFF1DF19F79E7400C16C14 /* Frameworks */,
				59CFF1E019F79E7400C16C14 /* CopyFiles */,
			);
			buildRules = (
			);
			dependencies = (
			);
			name = 15_Initialization;
			productName = 15_Initialization;
			productReference = 59CFF1E219F79E7400C16C14 /* 15_Initialization */;
			productType = "com.apple.product-type.tool";
		};
/* End PBXNativeTarget section */

/* Begin PBXProject section */
		59CFF1DA19F79E7400C16C14 /* Project object */ = {
			isa = PBXProject;
			attributes = {
				LastUpgradeCheck = 0610;
				ORGANIZATIONNAME = Happy;
				TargetAttributes = {
					59CFF1E119F79E7400C16C14 = {
						CreatedOnToolsVersion = 6.1;
					};
				};
			};
			buildConfigurationList = 59CFF1DD19F79E7400C16C14 /* Build configuration list for PBXProject "15_Initialization" */;
			compatibilityVersion = "Xcode 3.2";
			developmentRegion = English;
			hasScannedForEncodings = 0;
			knownRegions = (
				en,
			);
			mainGroup = 59CFF1D919F79E7400C16C14;
			productRefGroup = 59CFF1E319F79E7400C16C14 /* Products */;
			projectDirPath = "";
			projectRoot = "";
			targets = (
				59CFF1E119F79E7400C16C14 /* 15_Initialization */,
			);
		};
/* End PBXProject section */

/* Begin PBXSourcesBuildPhase section */
		59CFF1DE19F79E7400C16C14 /* Sources */ = {
			isa = PBXSourcesBuildPhase;
			buildActionMask = 2147483647;
			files = (
				59CFF1E619F79E7400C16C14 /* main.swift in Sources */,
			);
			runOnlyForDeploymentPostprocessing = 0;
		};
/* End PBXSourcesBuildPhase section */

/* Begin XCBuildConfiguration section */
		59CFF1E719F79E7400C16C14 /* Debug */ = {
			isa = XCBuildConfiguration;
			buildSettings = {
				ALWAYS_SEARCH_USER_PATHS = NO;
				CLANG_CXX_LANGUAGE_STANDARD = "gnu++0x";
				CLANG_CXX_LIBRARY = "libc++";
				CLANG_ENABLE_MODULES = YES;
				CLANG_ENABLE_OBJC_ARC = YES;
				CLANG_WARN_BOOL_CONVERSION = YES;
				CLANG_WARN_CONSTANT_CONVERSION = YES;
				CLANG_WARN_DIRECT_OBJC_ISA_USAGE = YES_ERROR;
				CLANG_WARN_EMPTY_BODY = YES;
				CLANG_WARN_ENUM_CONVERSION = YES;
				CLANG_WARN_INT_CONVERSION = YES;
				CLANG_WARN_OBJC_ROOT_CLASS = YES_ERROR;
				CLANG_WARN_UNREACHABLE_CODE = YES;
				CLANG_WARN__DUPLICATE_METHOD_MATCH = YES;
				COPY_PHASE_STRIP = NO;
				ENABLE_STRICT_OBJC_MSGSEND = YES;
				GCC_C_LANGUAGE_STANDARD = gnu99;
				GCC_DYNAMIC_NO_PIC = NO;
				GCC_OPTIMIZATION_LEVEL = 0;
				GCC_PREPROCESSOR_DEFINITIONS = (
					"DEBUG=1",
					"$(inherited)",
				);
				GCC_SYMBOLS_PRIVATE_EXTERN = NO;
				GCC_WARN_64_TO_32_BIT_CONVERSION = YES;
				GCC_WARN_ABOUT_RETURN_TYPE = YES_ERROR;
				GCC_WARN_UNDECLARED_SELECTOR = YES;
				GCC_WARN_UNINITIALIZED_AUTOS = YES_AGGRESSIVE;
				GCC_WARN_UNUSED_FUNCTION = YES;
				GCC_WARN_UNUSED_VARIABLE = YES;
				MACOSX_DEPLOYMENT_TARGET = 10.10;
				MTL_ENABLE_DEBUG_INFO = YES;
				ONLY_ACTIVE_ARCH = YES;
				SDKROOT = macosx;
				SWIFT_OPTIMIZATION_LEVEL = "-Onone";
			};
			name = Debug;
		};
		59CFF1E819F79E7400C16C14 /* Release */ = {
			isa = XCBuildConfiguration;
			buildSettings = {
				ALWAYS_SEARCH_USER_PATHS = NO;
				CLANG_CXX_LANGUAGE_STANDARD = "gnu++0x";
				CLANG_CXX_LIBRARY = "libc++";
				CLANG_ENABLE_MODULES = YES;
				CLANG_ENABLE_OBJC_ARC = YES;
				CLANG_WARN_BOOL_CONVERSION = YES;
				CLANG_WARN_CONSTANT_CONVERSION = YES;
				CLANG_WARN_DIRECT_OBJC_ISA_USAGE = YES_ERROR;
				CLANG_WARN_EMPTY_BODY = YES;
				CLANG_WARN_ENUM_CONVERSION = YES;
				CLANG_WARN_INT_CONVERSION = YES;
				CLANG_WARN_OBJC_ROOT_CLASS = YES_ERROR;
				CLANG_WARN_UNREACHABLE_CODE = YES;
				CLANG_WARN__DUPLICATE_METHOD_MATCH = YES;
				COPY_PHASE_STRIP = YES;
				DEBUG_INFORMATION_FORMAT = "dwarf-with-dsym";
				ENABLE_NS_ASSERTIONS = NO;
				ENABLE_STRICT_OBJC_MSGSEND = YES;
				GCC_C_LANGUAGE_STANDARD = gnu99;
				GCC_WARN_64_TO_32_BIT_CONVERSION = YES;
				GCC_WARN_ABOUT_RETURN_TYPE = YES_ERROR;
				GCC_WARN_UNDECLARED_SELECTOR = YES;
				GCC_WARN_UNINITIALIZED_AUTOS = YES_AGGRESSIVE;
				GCC_WARN_UNUSED_FUNCTION = YES;
				GCC_WARN_UNUSED_VARIABLE = YES;
				MACOSX_DEPLOYMENT_TARGET = 10.10;
				MTL_ENABLE_DEBUG_INFO = NO;
				SDKROOT = macosx;
			};
			name = Release;
		};
		59CFF1EA19F79E7400C16C14 /* Debug */ = {
			isa = XCBuildConfiguration;
			buildSettings = {
				PRODUCT_NAME = "$(TARGET_NAME)";
			};
			name = Debug;
		};
		59CFF1EB19F79E7400C16C14 /* Release */ = {
			isa = XCBuildConfiguration;
			buildSettings = {
				PRODUCT_NAME = "$(TARGET_NAME)";
			};
			name = Release;
		};
/* End XCBuildConfiguration section */

/* Begin XCConfigurationList section */
		59CFF1DD19F79E7400C16C14 /* Build configuration list for PBXProject "15_Initialization" */ = {
			isa = XCConfigurationList;
			buildConfigurations = (
				59CFF1E719F79E7400C16C14 /* Debug */,
				59CFF1E819F79E7400C16C14 /* Release */,
			);
			defaultConfigurationIsVisible = 0;
			defaultConfigurationName = Release;
		};
		59CFF1E919F79E7400C16C14 /* Build configuration list for PBXNativeTarget "15_Initialization" */ = {
			isa = XCConfigurationList;
			buildConfigurations = (
				59CFF1EA19F79E7400C16C14 /* Debug */,
				59CFF1EB19F79E7400C16C14 /* Release */,
			);
			defaultConfigurationIsVisible = 0;
		};
/* End XCConfigurationList section */
	};
	rootObject = 59CFF1DA19F79E7400C16C14 /* Project object */;
}
