// !$*UTF8*$!
{
	archiveVersion = 1;
	classes = {
	};
	objectVersion = 46;
	objects = {

/* Begin PBXBuildFile section */
		4700DB2B193FFE3300FAAA48 /* main.swift in Sources */ = {isa = PBXBuildFile; fileRef = 4700DB2A193FFE3300FAAA48 /* main.swift */; };
/* End PBXBuildFile section */

/* Begin PBXCopyFilesBuildPhase section */
		4700DB25193FFE3300FAAA48 /* CopyFiles */ = {
			isa = PBXCopyFilesBuildPhase;
			buildActionMask = 2147483647;
			dstPath = /usr/share/man/man1/;
			dstSubfolderSpec = 0;
			files = (
			);
			runOnlyForDeploymentPostprocessing = 1;
		};
/* End PBXCopyFilesBuildPhase section */

/* Begin PBXFileReference section */
		4700DB27193FFE3300FAAA48 /* 03_ClassAndObject */ = {isa = PBXFileReference; explicitFileType = "compiled.mach-o.executable"; includeInIndex = 0; path = 03_ClassAndObject; sourceTree = BUILT_PRODUCTS_DIR; };
		4700DB2A193FFE3300FAAA48 /* main.swift */ = {isa = PBXFileReference; lastKnownFileType = sourcecode.swift; path = main.swift; sourceTree = "<group>"; };
/* End PBXFileReference section */

/* Begin PBXFrameworksBuildPhase section */
		4700DB24193FFE3300FAAA48 /* Frameworks */ = {
			isa = PBXFrameworksBuildPhase;
			buildActionMask = 2147483647;
			files = (
			);
			runOnlyForDeploymentPostprocessing = 0;
		};
/* End PBXFrameworksBuildPhase section */

/* Begin PBXGroup section */
		4700DB1E193FFE3300FAAA48 = {
			isa = PBXGroup;
			children = (
				4700DB29193FFE3300FAAA48 /* 03_ClassAndObject */,
				4700DB28193FFE3300FAAA48 /* Products */,
			);
			sourceTree = "<group>";
		};
		4700DB28193FFE3300FAAA48 /* Products */ = {
			isa = PBXGroup;
			children = (
				4700DB27193FFE3300FAAA48 /* 03_ClassAndObject */,
			);
			name = Products;
			sourceTree = "<group>";
		};
		4700DB29193FFE3300FAAA48 /* 03_ClassAndObject */ = {
			isa = PBXGroup;
			children = (
				4700DB2A193FFE3300FAAA48 /* main.swift */,
			);
			path = 03_ClassAndObject;
			sourceTree = "<group>";
		};
/* End PBXGroup section */

/* Begin PBXNativeTarget section */
		4700DB26193FFE3300FAAA48 /* 03_ClassAndObject */ = {
			isa = PBXNativeTarget;
			buildConfigurationList = 4700DB2E193FFE3300FAAA48 /* Build configuration list for PBXNativeTarget "03_ClassAndObject" */;
			buildPhases = (
				4700DB23193FFE3300FAAA48 /* Sources */,
				4700DB24193FFE3300FAAA48 /* Frameworks */,
				4700DB25193FFE3300FAAA48 /* CopyFiles */,
			);
			buildRules = (
			);
			dependencies = (
			);
			name = 03_ClassAndObject;
			productName = 03_ClassAndObject;
			productReference = 4700DB27193FFE3300FAAA48 /* 03_ClassAndObject */;
			productType = "com.apple.product-type.tool";
		};
/* End PBXNativeTarget section */

/* Begin PBXProject section */
		4700DB1F193FFE3300FAAA48 /* Project object */ = {
			isa = PBXProject;
			attributes = {
				LastUpgradeCheck = 0600;
				ORGANIZATIONNAME = hc;
				TargetAttributes = {
					4700DB26193FFE3300FAAA48 = {
						CreatedOnToolsVersion = 6.0;
					};
				};
			};
			buildConfigurationList = 4700DB22193FFE3300FAAA48 /* Build configuration list for PBXProject "03_ClassAndObject" */;
			compatibilityVersion = "Xcode 3.2";
			developmentRegion = English;
			hasScannedForEncodings = 0;
			knownRegions = (
				en,
			);
			mainGroup = 4700DB1E193FFE3300FAAA48;
			productRefGroup = 4700DB28193FFE3300FAAA48 /* Products */;
			projectDirPath = "";
			projectRoot = "";
			targets = (
				4700DB26193FFE3300FAAA48 /* 03_ClassAndObject */,
			);
		};
/* End PBXProject section */

/* Begin PBXSourcesBuildPhase section */
		4700DB23193FFE3300FAAA48 /* Sources */ = {
			isa = PBXSourcesBuildPhase;
			buildActionMask = 2147483647;
			files = (
				4700DB2B193FFE3300FAAA48 /* main.swift in Sources */,
			);
			runOnlyForDeploymentPostprocessing = 0;
		};
/* End PBXSourcesBuildPhase section */

/* Begin XCBuildConfiguration section */
		4700DB2C193FFE3300FAAA48 /* Debug */ = {
			isa = XCBuildConfiguration;
			buildSettings = {
				ALWAYS_SEARCH_USER_PATHS = NO;
				CLANG_CXX_LANGUAGE_STANDARD = "gnu++0x";
				CLANG_CXX_LIBRARY = "libc++";
				CLANG_ENABLE_MODULES = YES;
				CLANG_ENABLE_OBJC_ARC = YES;
				CLANG_WARN_BOOL_CONVERSION = YES;
				CLANG_WARN_CONSTANT_CONVERSION = YES;
				CLANG_WARN_DIRECT_OBJC_ISA_USAGE = YES_ERROR;
				CLANG_WARN_EMPTY_BODY = YES;
				CLANG_WARN_ENUM_CONVERSION = YES;
				CLANG_WARN_INT_CONVERSION = YES;
				CLANG_WARN_OBJC_ROOT_CLASS = YES_ERROR;
				CLANG_WARN_UNREACHABLE_CODE = YES;
				CLANG_WARN__DUPLICATE_METHOD_MATCH = YES;
				COPY_PHASE_STRIP = NO;
				ENABLE_STRICT_OBJC_MSGSEND = YES;
				GCC_C_LANGUAGE_STANDARD = gnu99;
				GCC_DYNAMIC_NO_PIC = NO;
				GCC_OPTIMIZATION_LEVEL = 0;
				GCC_PREPROCESSOR_DEFINITIONS = (
					"DEBUG=1",
					"$(inherited)",
				);
				GCC_SYMBOLS_PRIVATE_EXTERN = NO;
				GCC_WARN_64_TO_32_BIT_CONVERSION = YES;
				GCC_WARN_ABOUT_RETURN_TYPE = YES_ERROR;
				GCC_WARN_UNDECLARED_SELECTOR = YES;
				GCC_WARN_UNINITIALIZED_AUTOS = YES_AGGRESSIVE;
				GCC_WARN_UNUSED_FUNCTION = YES;
				GCC_WARN_UNUSED_VARIABLE = YES;
				MACOSX_DEPLOYMENT_TARGET = 10.9;
				METAL_ENABLE_DEBUG_INFO = YES;
				ONLY_ACTIVE_ARCH = YES;
				SDKROOT = macosx;
				SWIFT_OPTIMIZATION_LEVEL = "-Onone";
			};
			name = Debug;
		};
		4700DB2D193FFE3300FAAA48 /* Release */ = {
			isa = XCBuildConfiguration;
			buildSettings = {
				ALWAYS_SEARCH_USER_PATHS = NO;
				CLANG_CXX_LANGUAGE_STANDARD = "gnu++0x";
				CLANG_CXX_LIBRARY = "libc++";
				CLANG_ENABLE_MODULES = YES;
				CLANG_ENABLE_OBJC_ARC = YES;
				CLANG_WARN_BOOL_CONVERSION = YES;
				CLANG_WARN_CONSTANT_CONVERSION = YES;
				CLANG_WARN_DIRECT_OBJC_ISA_USAGE = YES_ERROR;
				CLANG_WARN_EMPTY_BODY = YES;
				CLANG_WARN_ENUM_CONVERSION = YES;
				CLANG_WARN_INT_CONVERSION = YES;
				CLANG_WARN_OBJC_ROOT_CLASS = YES_ERROR;
				CLANG_WARN_UNREACHABLE_CODE = YES;
				CLANG_WARN__DUPLICATE_METHOD_MATCH = YES;
				COPY_PHASE_STRIP = YES;
				DEBUG_INFORMATION_FORMAT = "dwarf-with-dsym";
				ENABLE_NS_ASSERTIONS = NO;
				ENABLE_STRICT_OBJC_MSGSEND = YES;
				GCC_C_LANGUAGE_STANDARD = gnu99;
				GCC_WARN_64_TO_32_BIT_CONVERSION = YES;
				GCC_WARN_ABOUT_RETURN_TYPE = YES_ERROR;
				GCC_WARN_UNDECLARED_SELECTOR = YES;
				GCC_WARN_UNINITIALIZED_AUTOS = YES_AGGRESSIVE;
				GCC_WARN_UNUSED_FUNCTION = YES;
				GCC_WARN_UNUSED_VARIABLE = YES;
				MACOSX_DEPLOYMENT_TARGET = 10.9;
				METAL_ENABLE_DEBUG_INFO = NO;
				SDKROOT = macosx;
			};
			name = Release;
		};
		4700DB2F193FFE3300FAAA48 /* Debug */ = {
			isa = XCBuildConfiguration;
			buildSettings = {
				PRODUCT_NAME = "$(TARGET_NAME)";
			};
			name = Debug;
		};
		4700DB30193FFE3300FAAA48 /* Release */ = {
			isa = XCBuildConfiguration;
			buildSettings = {
				PRODUCT_NAME = "$(TARGET_NAME)";
			};
			name = Release;
		};
/* End XCBuildConfiguration section */

/* Begin XCConfigurationList section */
		4700DB22193FFE3300FAAA48 /* Build configuration list for PBXProject "03_ClassAndObject" */ = {
			isa = XCConfigurationList;
			buildConfigurations = (
				4700DB2C193FFE3300FAAA48 /* Debug */,
				4700DB2D193FFE3300FAAA48 /* Release */,
			);
			defaultConfigurationIsVisible = 0;
			defaultConfigurationName = Release;
		};
		4700DB2E193FFE3300FAAA48 /* Build configuration list for PBXNativeTarget "03_ClassAndObject" */ = {
			isa = XCConfigurationList;
			buildConfigurations = (
				4700DB2F193FFE3300FAAA48 /* Debug */,
				4700DB30193FFE3300FAAA48 /* Release */,
			);
			defaultConfigurationIsVisible = 0;
			defaultConfigurationName = Release;
		};
/* End XCConfigurationList section */
	};
	rootObject = 4700DB1F193FFE3300FAAA48 /* Project object */;
}
