// !$*UTF8*$!
{
	archiveVersion = 1;
	classes = {
	};
	objectVersion = 46;
	objects = {

/* Begin PBXBuildFile section */
		476BD0B61942AC3D00308DAB /* main.swift in Sources */ = {isa = PBXBuildFile; fileRef = 476BD0B51942AC3D00308DAB /* main.swift */; };
/* End PBXBuildFile section */

/* Begin PBXCopyFilesBuildPhase section */
		476BD0B01942AC3D00308DAB /* CopyFiles */ = {
			isa = PBXCopyFilesBuildPhase;
			buildActionMask = 2147483647;
			dstPath = /usr/share/man/man1/;
			dstSubfolderSpec = 0;
			files = (
			);
			runOnlyForDeploymentPostprocessing = 1;
		};
/* End PBXCopyFilesBuildPhase section */

/* Begin PBXFileReference section */
		476BD0B21942AC3D00308DAB /* 01_TheBasic */ = {isa = PBXFileReference; explicitFileType = "compiled.mach-o.executable"; includeInIndex = 0; path = 01_TheBasic; sourceTree = BUILT_PRODUCTS_DIR; };
		476BD0B51942AC3D00308DAB /* main.swift */ = {isa = PBXFileReference; lastKnownFileType = sourcecode.swift; path = main.swift; sourceTree = "<group>"; };
/* End PBXFileReference section */

/* Begin PBXFrameworksBuildPhase section */
		476BD0AF1942AC3D00308DAB /* Frameworks */ = {
			isa = PBXFrameworksBuildPhase;
			buildActionMask = 2147483647;
			files = (
			);
			runOnlyForDeploymentPostprocessing = 0;
		};
/* End PBXFrameworksBuildPhase section */

/* Begin PBXGroup section */
		476BD0A91942AC3D00308DAB = {
			isa = PBXGroup;
			children = (
				476BD0B41942AC3D00308DAB /* 01_TheBasic */,
				476BD0B31942AC3D00308DAB /* Products */,
			);
			sourceTree = "<group>";
		};
		476BD0B31942AC3D00308DAB /* Products */ = {
			isa = PBXGroup;
			children = (
				476BD0B21942AC3D00308DAB /* 01_TheBasic */,
			);
			name = Products;
			sourceTree = "<group>";
		};
		476BD0B41942AC3D00308DAB /* 01_TheBasic */ = {
			isa = PBXGroup;
			children = (
				476BD0B51942AC3D00308DAB /* main.swift */,
			);
			path = 01_TheBasic;
			sourceTree = "<group>";
		};
/* End PBXGroup section */

/* Begin PBXNativeTarget section */
		476BD0B11942AC3D00308DAB /* 01_TheBasic */ = {
			isa = PBXNativeTarget;
			buildConfigurationList = 476BD0B91942AC3D00308DAB /* Build configuration list for PBXNativeTarget "01_TheBasic" */;
			buildPhases = (
				476BD0AE1942AC3D00308DAB /* Sources */,
				476BD0AF1942AC3D00308DAB /* Frameworks */,
				476BD0B01942AC3D00308DAB /* CopyFiles */,
			);
			buildRules = (
			);
			dependencies = (
			);
			name = 01_TheBasic;
			productName = 01_TheBasic;
			productReference = 476BD0B21942AC3D00308DAB /* 01_TheBasic */;
			productType = "com.apple.product-type.tool";
		};
/* End PBXNativeTarget section */

/* Begin PBXProject section */
		476BD0AA1942AC3D00308DAB /* Project object */ = {
			isa = PBXProject;
			attributes = {
				LastUpgradeCheck = 0600;
				ORGANIZATIONNAME = hc;
				TargetAttributes = {
					476BD0B11942AC3D00308DAB = {
						CreatedOnToolsVersion = 6.0;
					};
				};
			};
			buildConfigurationList = 476BD0AD1942AC3D00308DAB /* Build configuration list for PBXProject "01_TheBasic" */;
			compatibilityVersion = "Xcode 3.2";
			developmentRegion = English;
			hasScannedForEncodings = 0;
			knownRegions = (
				en,
			);
			mainGroup = 476BD0A91942AC3D00308DAB;
			productRefGroup = 476BD0B31942AC3D00308DAB /* Products */;
			projectDirPath = "";
			projectRoot = "";
			targets = (
				476BD0B11942AC3D00308DAB /* 01_TheBasic */,
			);
		};
/* End PBXProject section */

/* Begin PBXSourcesBuildPhase section */
		476BD0AE1942AC3D00308DAB /* Sources */ = {
			isa = PBXSourcesBuildPhase;
			buildActionMask = 2147483647;
			files = (
				476BD0B61942AC3D00308DAB /* main.swift in Sources */,
			);
			runOnlyForDeploymentPostprocessing = 0;
		};
/* End PBXSourcesBuildPhase section */

/* Begin XCBuildConfiguration section */
		476BD0B71942AC3D00308DAB /* Debug */ = {
			isa = XCBuildConfiguration;
			buildSettings = {
				ALWAYS_SEARCH_USER_PATHS = NO;
				CLANG_CXX_LANGUAGE_STANDARD = "gnu++0x";
				CLANG_CXX_LIBRARY = "libc++";
				CLANG_ENABLE_MODULES = YES;
				CLANG_ENABLE_OBJC_ARC = YES;
				CLANG_WARN_BOOL_CONVERSION = YES;
				CLANG_WARN_CONSTANT_CONVERSION = YES;
				CLANG_WARN_DIRECT_OBJC_ISA_USAGE = YES_ERROR;
				CLANG_WARN_EMPTY_BODY = YES;
				CLANG_WARN_ENUM_CONVERSION = YES;
				CLANG_WARN_INT_CONVERSION = YES;
				CLANG_WARN_OBJC_ROOT_CLASS = YES_ERROR;
				CLANG_WARN_UNREACHABLE_CODE = YES;
				CLANG_WARN__DUPLICATE_METHOD_MATCH = YES;
				COPY_PHASE_STRIP = NO;
				ENABLE_STRICT_OBJC_MSGSEND = YES;
				GCC_C_LANGUAGE_STANDARD = gnu99;
				GCC_DYNAMIC_NO_PIC = NO;
				GCC_OPTIMIZATION_LEVEL = 0;
				GCC_PREPROCESSOR_DEFINITIONS = (
					"DEBUG=1",
					"$(inherited)",
				);
				GCC_SYMBOLS_PRIVATE_EXTERN = NO;
				GCC_WARN_64_TO_32_BIT_CONVERSION = YES;
				GCC_WARN_ABOUT_RETURN_TYPE = YES_ERROR;
				GCC_WARN_UNDECLARED_SELECTOR = YES;
				GCC_WARN_UNINITIALIZED_AUTOS = YES_AGGRESSIVE;
				GCC_WARN_UNUSED_FUNCTION = YES;
				GCC_WARN_UNUSED_VARIABLE = YES;
				MACOSX_DEPLOYMENT_TARGET = 10.9;
				METAL_ENABLE_DEBUG_INFO = YES;
				ONLY_ACTIVE_ARCH = YES;
				SDKROOT = macosx;
				SWIFT_OPTIMIZATION_LEVEL = "-Onone";
			};
			name = Debug;
		};
		476BD0B81942AC3D00308DAB /* Release */ = {
			isa = XCBuildConfiguration;
			buildSettings = {
				ALWAYS_SEARCH_USER_PATHS = NO;
				CLANG_CXX_LANGUAGE_STANDARD = "gnu++0x";
				CLANG_CXX_LIBRARY = "libc++";
				CLANG_ENABLE_MODULES = YES;
				CLANG_ENABLE_OBJC_ARC = YES;
				CLANG_WARN_BOOL_CONVERSION = YES;
				CLANG_WARN_CONSTANT_CONVERSION = YES;
				CLANG_WARN_DIRECT_OBJC_ISA_USAGE = YES_ERROR;
				CLANG_WARN_EMPTY_BODY = YES;
				CLANG_WARN_ENUM_CONVERSION = YES;
				CLANG_WARN_INT_CONVERSION = YES;
				CLANG_WARN_OBJC_ROOT_CLASS = YES_ERROR;
				CLANG_WARN_UNREACHABLE_CODE = YES;
				CLANG_WARN__DUPLICATE_METHOD_MATCH = YES;
				COPY_PHASE_STRIP = YES;
				DEBUG_INFORMATION_FORMAT = "dwarf-with-dsym";
				ENABLE_NS_ASSERTIONS = NO;
				ENABLE_STRICT_OBJC_MSGSEND = YES;
				GCC_C_LANGUAGE_STANDARD = gnu99;
				GCC_WARN_64_TO_32_BIT_CONVERSION = YES;
				GCC_WARN_ABOUT_RETURN_TYPE = YES_ERROR;
				GCC_WARN_UNDECLARED_SELECTOR = YES;
				GCC_WARN_UNINITIALIZED_AUTOS = YES_AGGRESSIVE;
				GCC_WARN_UNUSED_FUNCTION = YES;
				GCC_WARN_UNUSED_VARIABLE = YES;
				MACOSX_DEPLOYMENT_TARGET = 10.9;
				METAL_ENABLE_DEBUG_INFO = NO;
				SDKROOT = macosx;
			};
			name = Release;
		};
		476BD0BA1942AC3D00308DAB /* Debug */ = {
			isa = XCBuildConfiguration;
			buildSettings = {
				PRODUCT_NAME = "$(TARGET_NAME)";
			};
			name = Debug;
		};
		476BD0BB1942AC3D00308DAB /* Release */ = {
			isa = XCBuildConfiguration;
			buildSettings = {
				PRODUCT_NAME = "$(TARGET_NAME)";
			};
			name = Release;
		};
/* End XCBuildConfiguration section */

/* Begin XCConfigurationList section */
		476BD0AD1942AC3D00308DAB /* Build configuration list for PBXProject "01_TheBasic" */ = {
			isa = XCConfigurationList;
			buildConfigurations = (
				476BD0B71942AC3D00308DAB /* Debug */,
				476BD0B81942AC3D00308DAB /* Release */,
			);
			defaultConfigurationIsVisible = 0;
			defaultConfigurationName = Release;
		};
		476BD0B91942AC3D00308DAB /* Build configuration list for PBXNativeTarget "01_TheBasic" */ = {
			isa = XCConfigurationList;
			buildConfigurations = (
				476BD0BA1942AC3D00308DAB /* Debug */,
				476BD0BB1942AC3D00308DAB /* Release */,
			);
			defaultConfigurationIsVisible = 0;
		};
/* End XCConfigurationList section */
	};
	rootObject = 476BD0AA1942AC3D00308DAB /* Project object */;
}
